# Auto-generated. Do not edit.
# Generated by scripts/build_ui_lock.py
altair==6.0.0 --hash=sha256:09ae95b53d5fe5b16987dccc785a7af8588f2dca50de1e7a156efa8a461515f8
attrs==25.4.0 --hash=sha256:adcf7e2a1fb3b36ac48d97835bb6d8ade15b8dcce26aba8bf1d14847b57a3373
beautifulsoup4==4.14.3 --hash=sha256:0918bfe44902e6ad8d57732ba310582e98da931428d231a5ecb9e7c703a735bb
blinker==1.9.0 --hash=sha256:ba0efaa9080b619ff2f3459d1d500c57bddea4a6b424b60a91141db6fd2f08bc
cachetools==6.2.6 --hash=sha256:8c9717235b3c651603fff0076db52d6acbfd1b338b8ed50256092f7ce9c85bda
certifi==2026.1.4 --hash=sha256:9943707519e4add1115f44c2bc244f782c0249876bf51b6599fee1ffbedd685c
charset-normalizer==3.4.4 --hash=sha256:0a98e6759f854bd25a58a73fa88833fba3b7c491169f86ce1180c948ab3fd394
click==8.3.1 --hash=sha256:981153a64e25f12d547d3426c367a4857371575ee7ad18df2a6183ab0545b2a6
feedparser==6.0.12 --hash=sha256:6bbff10f5a52662c00a2e3f86a38928c37c48f77b3c511aedcd51de933549324
gitdb==4.0.12 --hash=sha256:67073e15955400952c6565cc3e707c554a4eea2e428946f7a4c162fab9bd9bcf
gitpython==3.1.46 --hash=sha256:79812ed143d9d25b6d176a10bb511de0f9c67b1fa641d82097b0ab90398a2058
idna==3.11 --hash=sha256:771a87f49d9defaf64091e6e6fe9c18d4833f140bd19464795bc32d966ca37ea
jinja2==3.1.6 --hash=sha256:85ece4451f492d0c13c5dd7c13a64681a86afae63a5f347908daf103ce6d2f67
jsonschema==4.26.0 --hash=sha256:d489f15263b8d200f8387e64b4c3a75f06629559fb73deb8fdfb525f2dab50ce
jsonschema-specifications==2025.9.1 --hash=sha256:98802fee3a11ee76ecaca44429fda8a41bff98b00a0f2838151b113f210cc6fe
markupsafe==3.0.3 --hash=sha256:1872df69a4de6aead3491198eaf13810b565bdbeec3ae2dc8780f14458ec73ce
narwhals==2.16.0 --hash=sha256:846f1fd7093ac69d63526e50732033e86c30ea0026a44d9b23991010c7d1485d
numpy==2.4.2 --hash=sha256:b3a24467af63c67829bfaa61eecf18d5432d4f11992688537be59ecd6ad32f5e
packaging==26.0 --hash=sha256:b36f1fef9334a5588b4166f8bcd26a14e521f2b55e6b9de3aaa80d3ff7a37529
pandas==2.3.3 --hash=sha256:3fd2f887589c7aa868e02632612ba39acb0b8948faf5cc58f0850e165bd46f35
pillow==12.1.0 --hash=sha256:907bfa8a9cb790748a9aa4513e37c88c59660da3bcfffbd24a7d9e6abf224551
protobuf==6.33.5 --hash=sha256:a5cb85982d95d906df1e2210e58f8e4f1e3cdc088e52c921a041f9c9a0386de5
pyarrow==23.0.0 --hash=sha256:5961a9f646c232697c24f54d3419e69b4261ba8a8b66b0ac54a1851faffcbab8
pydeck==0.9.1 --hash=sha256:b3f75ba0d273fc917094fa61224f3f6076ca8752b93d46faf3bcfd9f9d59b038
python-dateutil==2.9.0.post0 --hash=sha256:a8b2bc7bffae282281c8140a97d3aa9c14da0b136dfe83f850eea9a5f7470427
python-dotenv==1.2.1 --hash=sha256:b81ee9561e9ca4004139c6cbba3a238c32b03e4894671e181b671e8cb8425d61
pytz==2025.2 --hash=sha256:5ddf76296dd8c44c26eb8f4b6f35488f3ccbf6fbbd7adee0b7262d43f0ec2f00
pyyaml==6.0.3 --hash=sha256:fc09d0aa354569bc501d4e787133afc08552722d3ab34836a80547331bb5d4a0
referencing==0.37.0 --hash=sha256:381329a9f99628c9069361716891d34ad94af76e461dcb0335825aecc7692231
requests==2.32.5 --hash=sha256:2462f94637a34fd532264295e186976db0f5d453d1cdd31473c85a6a161affb6
rpds-py==0.30.0 --hash=sha256:6abc8880d9d036ecaafe709079969f56e876fcf107f7a8e9920ba6d5a3878d05
setuptools==81.0.0 --hash=sha256:fdd925d5c5d9f62e4b74b30d6dd7828ce236fd6ed998a08d81de62ce5a6310d6
sgmllib3k==1.0.0 --hash=sha256:7868fb1c8bfa764c1ac563d3cf369c381d1325d36124933a726f29fcdaa812e9
six==1.17.0 --hash=sha256:4721f391ed90541fddacab5acf947aa0d3dc7d27b2e1e8eda2be8970586c3274
smmap==5.0.2 --hash=sha256:b30115f0def7d7531d22a0fb6502488d879e75b260a9db4d0819cfb25403af5e
soupsieve==2.8.3 --hash=sha256:ed64f2ba4eebeab06cc4962affce381647455978ffc1e36bb79a545b91f45a95
streamlit==1.54.0 --hash=sha256:a7b67d6293a9f5f6b4d4c7acdbc4980d7d9f049e78e404125022ecb1712f79fc
tenacity==9.1.4 --hash=sha256:6095a360c919085f28c6527de529e76a06ad89b23659fa881ae0649b867a9d55
toml==0.10.2 --hash=sha256:806143ae5bfb6a3c6e736a764057db0e6a0e05e338b5630894a5f779cabb4f9b
tornado==6.5.4 --hash=sha256:d6241c1a16b1c9e4cc28148b1cda97dd1c6cb4fb7068ac1bedc610768dff0ba9
typing-extensions==4.15.0 --hash=sha256:f0fa19c6845758ab08074a0cfa8b7aecb71c999ca73d62883bc25cc018c4e548
tzdata==2025.3 --hash=sha256:06a47e5700f3081aab02b2e513160914ff0694bce9947d6b76ebd6bf57cfc5d1
urllib3==2.6.3 --hash=sha256:bf272323e553dfb2e87d9bfd225ca7b0f467b919d7bbd355436d3fd37cb0acd4
wheel==0.46.3 --hash=sha256:4b399d56c9d9338230118d705d9737a2a468ccca63d5e813e2a4fc7815d8bc4d
